
Microsoft Visual Studio Solution File, Format Version 12.00
Project("{FAE04EC0-301F-11D3-BF4B-00C04F79EFBC}") = "service2", "service2\service2.csproj", "{B9E01E5C-21D1-46F3-A6FC-EC3B131FC865}"
EndProject
Global
	GlobalSection(SolutionConfigurationPlatforms) = preSolution
		Debug|Any CPU = Debug|Any CPU
		Release|Any CPU = Release|Any CPU
	EndGlobalSection
	GlobalSection(ProjectConfigurationPlatforms) = postSolution
		{B9E01E5C-21D1-46F3-A6FC-EC3B131FC865}.Debug|Any CPU.ActiveCfg = Debug|Any CPU
		{B9E01E5C-21D1-46F3-A6FC-EC3B131FC865}.Debug|Any CPU.Build.0 = Debug|Any CPU
		{B9E01E5C-21D1-46F3-A6FC-EC3B131FC865}.Release|Any CPU.ActiveCfg = Release|Any CPU
		{B9E01E5C-21D1-46F3-A6FC-EC3B131FC865}.Release|Any CPU.Build.0 = Release|Any CPU
	EndGlobalSection
EndGlobal
